
Microsoft Visual Studio Solution File, Format Version 12.00
# Visual Studio Version 17
VisualStudioVersion = 17.7.34221.43
MinimumVisualStudioVersion = 10.0.40219.1
Project("{FAE04EC0-301F-11D3-BF4B-00C04F79EFBC}") = "IdentityTodo", "IdentityTodo.csproj", "{CAEAEA65-EC61-4873-A937-AD75B7F95BE7}"
EndProject
Global
	GlobalSection(SolutionConfigurationPlatforms) = preSolution
		Debug|Any CPU = Debug|Any CPU
		Release|Any CPU = Release|Any CPU
	EndGlobalSection
	GlobalSection(ProjectConfigurationPlatforms) = postSolution
		{CAEAEA65-EC61-4873-A937-AD75B7F95BE7}.Debug|Any CPU.ActiveCfg = Debug|Any CPU
		{CAEAEA65-EC61-4873-A937-AD75B7F95BE7}.Debug|Any CPU.Build.0 = Debug|Any CPU
		{CAEAEA65-EC61-4873-A937-AD75B7F95BE7}.Release|Any CPU.ActiveCfg = Release|Any CPU
		{CAEAEA65-EC61-4873-A937-AD75B7F95BE7}.Release|Any CPU.Build.0 = Release|Any CPU
	EndGlobalSection
	GlobalSection(SolutionProperties) = preSolution
		HideSolutionNode = FALSE
	EndGlobalSection
	GlobalSection(ExtensibilityGlobals) = postSolution
		SolutionGuid = {170DE07B-1D33-49D3-B162-D443155A36ED}
	EndGlobalSection
EndGlobal
